// !$*UTF8*$!
{
	archiveVersion = 1;
	classes = {
	};
	objectVersion = 55;
	objects = {

/* Begin PBXBuildFile section */
		18C506AD27C00DDB0064B0EA /* AppDelegate.swift in Sources */ = {isa = PBXBuildFile; fileRef = 18C506AC27C00DDB0064B0EA /* AppDelegate.swift */; };
		18C506B427C00DDB0064B0EA /* Main.storyboard in Resources */ = {isa = PBXBuildFile; fileRef = 18C506B227C00DDB0064B0EA /* Main.storyboard */; };
		18C506B627C00DDE0064B0EA /* Assets.xcassets in Resources */ = {isa = PBXBuildFile; fileRef = 18C506B527C00DDE0064B0EA /* Assets.xcassets */; };
		18C506B927C00DDE0064B0EA /* LaunchScreen.storyboard in Resources */ = {isa = PBXBuildFile; fileRef = 18C506B727C00DDE0064B0EA /* LaunchScreen.storyboard */; };
		18C506C127C00EF80064B0EA /* RootViewController.swift in Sources */ = {isa = PBXBuildFile; fileRef = 18C506C027C00EF80064B0EA /* RootViewController.swift */; };
		A824E8E3039EBCAD49FC62F3 /* Pods_iTunesBasic.framework in Frameworks */ = {isa = PBXBuildFile; fileRef = F1DB9EF1022F995C2783D4C3 /* Pods_iTunesBasic.framework */; };
/* End PBXBuildFile section */

/* Begin PBXFileReference section */
		18C506A927C00DDB0064B0EA /* iTunesBasic.app */ = {isa = PBXFileReference; explicitFileType = wrapper.application; includeInIndex = 0; path = iTunesBasic.app; sourceTree = BUILT_PRODUCTS_DIR; };
		18C506AC27C00DDB0064B0EA /* AppDelegate.swift */ = {isa = PBXFileReference; lastKnownFileType = sourcecode.swift; path = AppDelegate.swift; sourceTree = "<group>"; };
		18C506B327C00DDB0064B0EA /* Base */ = {isa = PBXFileReference; lastKnownFileType = file.storyboard; name = Base; path = Base.lproj/Main.storyboard; sourceTree = "<group>"; };
		18C506B527C00DDE0064B0EA /* Assets.xcassets */ = {isa = PBXFileReference; lastKnownFileType = folder.assetcatalog; path = Assets.xcassets; sourceTree = "<group>"; };
		18C506B827C00DDE0064B0EA /* Base */ = {isa = PBXFileReference; lastKnownFileType = file.storyboard; name = Base; path = Base.lproj/LaunchScreen.storyboard; sourceTree = "<group>"; };
		18C506BA27C00DDE0064B0EA /* Info.plist */ = {isa = PBXFileReference; lastKnownFileType = text.plist.xml; path = Info.plist; sourceTree = "<group>"; };
		18C506C027C00EF80064B0EA /* RootViewController.swift */ = {isa = PBXFileReference; lastKnownFileType = sourcecode.swift; path = RootViewController.swift; sourceTree = "<group>"; };
		22CF6D9C187C8EB13DFAF227 /* Pods-iTunesBasic.release.xcconfig */ = {isa = PBXFileReference; includeInIndex = 1; lastKnownFileType = text.xcconfig; name = "Pods-iTunesBasic.release.xcconfig"; path = "Target Support Files/Pods-iTunesBasic/Pods-iTunesBasic.release.xcconfig"; sourceTree = "<group>"; };
		ADC78B1B47EDFF463191A989 /* Pods-iTunesBasic.debug.xcconfig */ = {isa = PBXFileReference; includeInIndex = 1; lastKnownFileType = text.xcconfig; name = "Pods-iTunesBasic.debug.xcconfig"; path = "Target Support Files/Pods-iTunesBasic/Pods-iTunesBasic.debug.xcconfig"; sourceTree = "<group>"; };
		F1DB9EF1022F995C2783D4C3 /* Pods_iTunesBasic.framework */ = {isa = PBXFileReference; explicitFileType = wrapper.framework; includeInIndex = 0; path = Pods_iTunesBasic.framework; sourceTree = BUILT_PRODUCTS_DIR; };
/* End PBXFileReference section */

/* Begin PBXFrameworksBuildPhase section */
		18C506A627C00DDB0064B0EA /* Frameworks */ = {
			isa = PBXFrameworksBuildPhase;
			buildActionMask = 2147483647;
			files = (
				A824E8E3039EBCAD49FC62F3 /* Pods_iTunesBasic.framework in Frameworks */,
			);
			runOnlyForDeploymentPostprocessing = 0;
		};
/* End PBXFrameworksBuildPhase section */

/* Begin PBXGroup section */
		18C506A027C00DDB0064B0EA = {
			isa = PBXGroup;
			children = (
				18C506AB27C00DDB0064B0EA /* iTunesBasic */,
				18C506AA27C00DDB0064B0EA /* Products */,
				B1A8475BC1BBB411DEA1125D /* Pods */,
				C86B464DC050A756DCEF0C58 /* Frameworks */,
			);
			sourceTree = "<group>";
		};
		18C506AA27C00DDB0064B0EA /* Products */ = {
			isa = PBXGroup;
			children = (
				18C506A927C00DDB0064B0EA /* iTunesBasic.app */,
			);
			name = Products;
			sourceTree = "<group>";
		};
		18C506AB27C00DDB0064B0EA /* iTunesBasic */ = {
			isa = PBXGroup;
			children = (
				18C506AC27C00DDB0064B0EA /* AppDelegate.swift */,
				18C506C027C00EF80064B0EA /* RootViewController.swift */,
				18C506C227C00F110064B0EA /* Storyboards */,
				18C506B527C00DDE0064B0EA /* Assets.xcassets */,
				18C506BA27C00DDE0064B0EA /* Info.plist */,
			);
			path = iTunesBasic;
			sourceTree = "<group>";
		};
		18C506C227C00F110064B0EA /* Storyboards */ = {
			isa = PBXGroup;
			children = (
				18C506B227C00DDB0064B0EA /* Main.storyboard */,
				18C506B727C00DDE0064B0EA /* LaunchScreen.storyboard */,
			);
			path = Storyboards;
			sourceTree = "<group>";
		};
		B1A8475BC1BBB411DEA1125D /* Pods */ = {
			isa = PBXGroup;
			children = (
				ADC78B1B47EDFF463191A989 /* Pods-iTunesBasic.debug.xcconfig */,
				22CF6D9C187C8EB13DFAF227 /* Pods-iTunesBasic.release.xcconfig */,
			);
			path = Pods;
			sourceTree = "<group>";
		};
		C86B464DC050A756DCEF0C58 /* Frameworks */ = {
			isa = PBXGroup;
			children = (
				F1DB9EF1022F995C2783D4C3 /* Pods_iTunesBasic.framework */,
			);
			name = Frameworks;
			sourceTree = "<group>";
		};
/* End PBXGroup section */

/* Begin PBXNativeTarget section */
		18C506A827C00DDB0064B0EA /* iTunesBasic */ = {
			isa = PBXNativeTarget;
			buildConfigurationList = 18C506BD27C00DDE0064B0EA /* Build configuration list for PBXNativeTarget "iTunesBasic" */;
			buildPhases = (
				3E7A56FB23DBB1D82AD16641 /* [CP] Check Pods Manifest.lock */,
				18C506A527C00DDB0064B0EA /* Sources */,
				18C506A627C00DDB0064B0EA /* Frameworks */,
				18C506A727C00DDB0064B0EA /* Resources */,
			);
			buildRules = (
			);
			dependencies = (
			);
			name = iTunesBasic;
			productName = iTunesBasic;
			productReference = 18C506A927C00DDB0064B0EA /* iTunesBasic.app */;
			productType = "com.apple.product-type.application";
		};
/* End PBXNativeTarget section */

/* Begin PBXProject section */
		18C506A127C00DDB0064B0EA /* Project object */ = {
			isa = PBXProject;
			attributes = {
				BuildIndependentTargetsInParallel = 1;
				LastSwiftUpdateCheck = 1300;
				LastUpgradeCheck = 1300;
				TargetAttributes = {
					18C506A827C00DDB0064B0EA = {
						CreatedOnToolsVersion = 13.0;
					};
				};
			};
			buildConfigurationList = 18C506A427C00DDB0064B0EA /* Build configuration list for PBXProject "iTunesBasic" */;
			compatibilityVersion = "Xcode 13.0";
			developmentRegion = en;
			hasScannedForEncodings = 0;
			knownRegions = (
				en,
				Base,
			);
			mainGroup = 18C506A027C00DDB0064B0EA;
			productRefGroup = 18C506AA27C00DDB0064B0EA /* Products */;
			projectDirPath = "";
			projectRoot = "";
			targets = (
				18C506A827C00DDB0064B0EA /* iTunesBasic */,
			);
		};
/* End PBXProject section */

/* Begin PBXResourcesBuildPhase section */
		18C506A727C00DDB0064B0EA /* Resources */ = {
			isa = PBXResourcesBuildPhase;
			buildActionMask = 2147483647;
			files = (
				18C506B927C00DDE0064B0EA /* LaunchScreen.storyboard in Resources */,
				18C506B627C00DDE0064B0EA /* Assets.xcassets in Resources */,
				18C506B427C00DDB0064B0EA /* Main.storyboard in Resources */,
			);
			runOnlyForDeploymentPostprocessing = 0;
		};
/* End PBXResourcesBuildPhase section */

/* Begin PBXShellScriptBuildPhase section */
		3E7A56FB23DBB1D82AD16641 /* [CP] Check Pods Manifest.lock */ = {
			isa = PBXShellScriptBuildPhase;
			buildActionMask = 2147483647;
			files = (
			);
			inputFileListPaths = (
			);
			inputPaths = (
				"${PODS_PODFILE_DIR_PATH}/Podfile.lock",
				"${PODS_ROOT}/Manifest.lock",
			);
			name = "[CP] Check Pods Manifest.lock";
			outputFileListPaths = (
			);
			outputPaths = (
				"$(DERIVED_FILE_DIR)/Pods-iTunesBasic-checkManifestLockResult.txt",
			);
			runOnlyForDeploymentPostprocessing = 0;
			shellPath = /bin/sh;
			shellScript = "diff \"${PODS_PODFILE_DIR_PATH}/Podfile.lock\" \"${PODS_ROOT}/Manifest.lock\" > /dev/null\nif [ $? != 0 ] ; then\n    # print error to STDERR\n    echo \"error: The sandbox is not in sync with the Podfile.lock. Run 'pod install' or update your CocoaPods installation.\" >&2\n    exit 1\nfi\n# This output is used by Xcode 'outputs' to avoid re-running this script phase.\necho \"SUCCESS\" > \"${SCRIPT_OUTPUT_FILE_0}\"\n";
			showEnvVarsInLog = 0;
		};
/* End PBXShellScriptBuildPhase section */

/* Begin PBXSourcesBuildPhase section */
		18C506A527C00DDB0064B0EA /* Sources */ = {
			isa = PBXSourcesBuildPhase;
			buildActionMask = 2147483647;
			files = (
				18C506C127C00EF80064B0EA /* RootViewController.swift in Sources */,
				18C506AD27C00DDB0064B0EA /* AppDelegate.swift in Sources */,
			);
			runOnlyForDeploymentPostprocessing = 0;
		};
/* End PBXSourcesBuildPhase section */

/* Begin PBXVariantGroup section */
		18C506B227C00DDB0064B0EA /* Main.storyboard */ = {
			isa = PBXVariantGroup;
			children = (
				18C506B327C00DDB0064B0EA /* Base */,
			);
			name = Main.storyboard;
			sourceTree = "<group>";
		};
		18C506B727C00DDE0064B0EA /* LaunchScreen.storyboard */ = {
			isa = PBXVariantGroup;
			children = (
				18C506B827C00DDE0064B0EA /* Base */,
			);
			name = LaunchScreen.storyboard;
			sourceTree = "<group>";
		};
/* End PBXVariantGroup section */

/* Begin XCBuildConfiguration section */
		18C506BB27C00DDE0064B0EA /* Debug */ = {
			isa = XCBuildConfiguration;
			buildSettings = {
				ALWAYS_SEARCH_USER_PATHS = NO;
				CLANG_ANALYZER_NONNULL = YES;
				CLANG_ANALYZER_NUMBER_OBJECT_CONVERSION = YES_AGGRESSIVE;
				CLANG_CXX_LANGUAGE_STANDARD = "gnu++17";
				CLANG_CXX_LIBRARY = "libc++";
				CLANG_ENABLE_MODULES = YES;
				CLANG_ENABLE_OBJC_ARC = YES;
				CLANG_ENABLE_OBJC_WEAK = YES;
				CLANG_WARN_BLOCK_CAPTURE_AUTORELEASING = YES;
				CLANG_WARN_BOOL_CONVERSION = YES;
				CLANG_WARN_COMMA = YES;
				CLANG_WARN_CONSTANT_CONVERSION = YES;
				CLANG_WARN_DEPRECATED_OBJC_IMPLEMENTATIONS = YES;
				CLANG_WARN_DIRECT_OBJC_ISA_USAGE = YES_ERROR;
				CLANG_WARN_DOCUMENTATION_COMMENTS = YES;
				CLANG_WARN_EMPTY_BODY = YES;
				CLANG_WARN_ENUM_CONVERSION = YES;
				CLANG_WARN_INFINITE_RECURSION = YES;
				CLANG_WARN_INT_CONVERSION = YES;
				CLANG_WARN_NON_LITERAL_NULL_CONVERSION = YES;
				CLANG_WARN_OBJC_IMPLICIT_RETAIN_SELF = YES;
				CLANG_WARN_OBJC_LITERAL_CONVERSION = YES;
				CLANG_WARN_OBJC_ROOT_CLASS = YES_ERROR;
				CLANG_WARN_QUOTED_INCLUDE_IN_FRAMEWORK_HEADER = YES;
				CLANG_WARN_RANGE_LOOP_ANALYSIS = YES;
				CLANG_WARN_STRICT_PROTOTYPES = YES;
				CLANG_WARN_SUSPICIOUS_MOVE = YES;
				CLANG_WARN_UNGUARDED_AVAILABILITY = YES_AGGRESSIVE;
				CLANG_WARN_UNREACHABLE_CODE = YES;
				CLANG_WARN__DUPLICATE_METHOD_MATCH = YES;
				COPY_PHASE_STRIP = NO;
				DEBUG_INFORMATION_FORMAT = dwarf;
				ENABLE_STRICT_OBJC_MSGSEND = YES;
				ENABLE_TESTABILITY = YES;
				GCC_C_LANGUAGE_STANDARD = gnu11;
				GCC_DYNAMIC_NO_PIC = NO;
				GCC_NO_COMMON_BLOCKS = YES;
				GCC_OPTIMIZATION_LEVEL = 0;
				GCC_PREPROCESSOR_DEFINITIONS = (
					"DEBUG=1",
					"$(inherited)",
				);
				GCC_WARN_64_TO_32_BIT_CONVERSION = YES;
				GCC_WARN_ABOUT_RETURN_TYPE = YES_ERROR;
				GCC_WARN_UNDECLARED_SELECTOR = YES;
				GCC_WARN_UNINITIALIZED_AUTOS = YES_AGGRESSIVE;
				GCC_WARN_UNUSED_FUNCTION = YES;
				GCC_WARN_UNUSED_VARIABLE = YES;
				IPHONEOS_DEPLOYMENT_TARGET = 11.0;
				MTL_ENABLE_DEBUG_INFO = INCLUDE_SOURCE;
				MTL_FAST_MATH = YES;
				ONLY_ACTIVE_ARCH = YES;
				SDKROOT = iphoneos;
				SWIFT_ACTIVE_COMPILATION_CONDITIONS = DEBUG;
				SWIFT_OPTIMIZATION_LEVEL = "-Onone";
			};
			name = Debug;
		};
		18C506BC27C00DDE0064B0EA /* Release */ = {
			isa = XCBuildConfiguration;
			buildSettings = {
				ALWAYS_SEARCH_USER_PATHS = NO;
				CLANG_ANALYZER_NONNULL = YES;
				CLANG_ANALYZER_NUMBER_OBJECT_CONVERSION = YES_AGGRESSIVE;
				CLANG_CXX_LANGUAGE_STANDARD = "gnu++17";
				CLANG_CXX_LIBRARY = "libc++";
				CLANG_ENABLE_MODULES = YES;
				CLANG_ENABLE_OBJC_ARC = YES;
				CLANG_ENABLE_OBJC_WEAK = YES;
				CLANG_WARN_BLOCK_CAPTURE_AUTORELEASING = YES;
				CLANG_WARN_BOOL_CONVERSION = YES;
				CLANG_WARN_COMMA = YES;
				CLANG_WARN_CONSTANT_CONVERSION = YES;
				CLANG_WARN_DEPRECATED_OBJC_IMPLEMENTATIONS = YES;
				CLANG_WARN_DIRECT_OBJC_ISA_USAGE = YES_ERROR;
				CLANG_WARN_DOCUMENTATION_COMMENTS = YES;
				CLANG_WARN_EMPTY_BODY = YES;
				CLANG_WARN_ENUM_CONVERSION = YES;
				CLANG_WARN_INFINITE_RECURSION = YES;
				CLANG_WARN_INT_CONVERSION = YES;
				CLANG_WARN_NON_LITERAL_NULL_CONVERSION = YES;
				CLANG_WARN_OBJC_IMPLICIT_RETAIN_SELF = YES;
				CLANG_WARN_OBJC_LITERAL_CONVERSION = YES;
				CLANG_WARN_OBJC_ROOT_CLASS = YES_ERROR;
				CLANG_WARN_QUOTED_INCLUDE_IN_FRAMEWORK_HEADER = YES;
				CLANG_WARN_RANGE_LOOP_ANALYSIS = YES;
				CLANG_WARN_STRICT_PROTOTYPES = YES;
				CLANG_WARN_SUSPICIOUS_MOVE = YES;
				CLANG_WARN_UNGUARDED_AVAILABILITY = YES_AGGRESSIVE;
				CLANG_WARN_UNREACHABLE_CODE = YES;
				CLANG_WARN__DUPLICATE_METHOD_MATCH = YES;
				COPY_PHASE_STRIP = NO;
				DEBUG_INFORMATION_FORMAT = "dwarf-with-dsym";
				ENABLE_NS_ASSERTIONS = NO;
				ENABLE_STRICT_OBJC_MSGSEND = YES;
				GCC_C_LANGUAGE_STANDARD = gnu11;
				GCC_NO_COMMON_BLOCKS = YES;
				GCC_WARN_64_TO_32_BIT_CONVERSION = YES;
				GCC_WARN_ABOUT_RETURN_TYPE = YES_ERROR;
				GCC_WARN_UNDECLARED_SELECTOR = YES;
				GCC_WARN_UNINITIALIZED_AUTOS = YES_AGGRESSIVE;
				GCC_WARN_UNUSED_FUNCTION = YES;
				GCC_WARN_UNUSED_VARIABLE = YES;
				IPHONEOS_DEPLOYMENT_TARGET = 11.0;
				MTL_ENABLE_DEBUG_INFO = NO;
				MTL_FAST_MATH = YES;
				SDKROOT = iphoneos;
				SWIFT_COMPILATION_MODE = wholemodule;
				SWIFT_OPTIMIZATION_LEVEL = "-O";
				VALIDATE_PRODUCT = YES;
			};
			name = Release;
		};
		18C506BE27C00DDE0064B0EA /* Debug */ = {
			isa = XCBuildConfiguration;
			baseConfigurationReference = ADC78B1B47EDFF463191A989 /* Pods-iTunesBasic.debug.xcconfig */;
			buildSettings = {
				ASSETCATALOG_COMPILER_APPICON_NAME = AppIcon;
				ASSETCATALOG_COMPILER_GLOBAL_ACCENT_COLOR_NAME = AccentColor;
				CODE_SIGN_STYLE = Automatic;
				CURRENT_PROJECT_VERSION = 1000;
				GENERATE_INFOPLIST_FILE = YES;
				INFOPLIST_FILE = iTunesBasic/Info.plist;
				INFOPLIST_KEY_UIApplicationSupportsIndirectInputEvents = YES;
				INFOPLIST_KEY_UILaunchStoryboardName = LaunchScreen;
				INFOPLIST_KEY_UIMainStoryboardFile = Main;
				INFOPLIST_KEY_UISupportedInterfaceOrientations = UIInterfaceOrientationPortrait;
				INFOPLIST_KEY_UISupportedInterfaceOrientations_iPad = "UIInterfaceOrientationPortrait UIInterfaceOrientationPortraitUpsideDown UIInterfaceOrientationLandscapeLeft UIInterfaceOrientationLandscapeRight";
				INFOPLIST_KEY_UISupportedInterfaceOrientations_iPhone = "UIInterfaceOrientationPortrait UIInterfaceOrientationLandscapeLeft UIInterfaceOrientationLandscapeRight";
				IPHONEOS_DEPLOYMENT_TARGET = 11.0;
				LD_RUNPATH_SEARCH_PATHS = (
					"$(inherited)",
					"@executable_path/Frameworks",
				);
				MARKETING_VERSION = 1.0.0;
				PRODUCT_BUNDLE_IDENTIFIER = Oguzhan.iTunesBasic;
				PRODUCT_NAME = "$(TARGET_NAME)";
				SWIFT_EMIT_LOC_STRINGS = YES;
				SWIFT_VERSION = 5.0;
				TARGETED_DEVICE_FAMILY = 1;
			};
			name = Debug;
		};
		18C506BF27C00DDE0064B0EA /* Release */ = {
			isa = XCBuildConfiguration;
			baseConfigurationReference = 22CF6D9C187C8EB13DFAF227 /* Pods-iTunesBasic.release.xcconfig */;
			buildSettings = {
				ASSETCATALOG_COMPILER_APPICON_NAME = AppIcon;
				ASSETCATALOG_COMPILER_GLOBAL_ACCENT_COLOR_NAME = AccentColor;
				CODE_SIGN_STYLE = Automatic;
				CURRENT_PROJECT_VERSION = 1000;
				GENERATE_INFOPLIST_FILE = YES;
				INFOPLIST_FILE = iTunesBasic/Info.plist;
				INFOPLIST_KEY_UIApplicationSupportsIndirectInputEvents = YES;
				INFOPLIST_KEY_UILaunchStoryboardName = LaunchScreen;
				INFOPLIST_KEY_UIMainStoryboardFile = Main;
				INFOPLIST_KEY_UISupportedInterfaceOrientations = UIInterfaceOrientationPortrait;
				INFOPLIST_KEY_UISupportedInterfaceOrientations_iPad = "UIInterfaceOrientationPortrait UIInterfaceOrientationPortraitUpsideDown UIInterfaceOrientationLandscapeLeft UIInterfaceOrientationLandscapeRight";
				INFOPLIST_KEY_UISupportedInterfaceOrientations_iPhone = "UIInterfaceOrientationPortrait UIInterfaceOrientationLandscapeLeft UIInterfaceOrientationLandscapeRight";
				IPHONEOS_DEPLOYMENT_TARGET = 11.0;
				LD_RUNPATH_SEARCH_PATHS = (
					"$(inherited)",
					"@executable_path/Frameworks",
				);
				MARKETING_VERSION = 1.0.0;
				PRODUCT_BUNDLE_IDENTIFIER = Oguzhan.iTunesBasic;
				PRODUCT_NAME = "$(TARGET_NAME)";
				SWIFT_EMIT_LOC_STRINGS = YES;
				SWIFT_VERSION = 5.0;
				TARGETED_DEVICE_FAMILY = 1;
			};
			name = Release;
		};
/* End XCBuildConfiguration section */

/* Begin XCConfigurationList section */
		18C506A427C00DDB0064B0EA /* Build configuration list for PBXProject "iTunesBasic" */ = {
			isa = XCConfigurationList;
			buildConfigurations = (
				18C506BB27C00DDE0064B0EA /* Debug */,
				18C506BC27C00DDE0064B0EA /* Release */,
			);
			defaultConfigurationIsVisible = 0;
			defaultConfigurationName = Release;
		};
		18C506BD27C00DDE0064B0EA /* Build configuration list for PBXNativeTarget "iTunesBasic" */ = {
			isa = XCConfigurationList;
			buildConfigurations = (
				18C506BE27C00DDE0064B0EA /* Debug */,
				18C506BF27C00DDE0064B0EA /* Release */,
			);
			defaultConfigurationIsVisible = 0;
			defaultConfigurationName = Release;
		};
/* End XCConfigurationList section */
	};
	rootObject = 18C506A127C00DDB0064B0EA /* Project object */;
}
